
Microsoft Visual Studio Solution File, Format Version 12.00
# Visual Studio 15
VisualStudioVersion = 15.0.27004.2009
MinimumVisualStudioVersion = 10.0.40219.1
Project("{FAE04EC0-301F-11D3-BF4B-00C04F79EFBC}") = "LivrariaAPI", "LivrariaAPI\LivrariaAPI.csproj", "{454A0630-9390-40AB-9B7D-8264CF6FA34B}"
EndProject
Project("{FAE04EC0-301F-11D3-BF4B-00C04F79EFBC}") = "Emprestimos", "Emprestimos\Emprestimos.csproj", "{659AE6A1-214B-459B-9D20-6E68993461AA}"
EndProject
Global
	GlobalSection(SolutionConfigurationPlatforms) = preSolution
		Debug|Any CPU = Debug|Any CPU
		Release|Any CPU = Release|Any CPU
	EndGlobalSection
	GlobalSection(ProjectConfigurationPlatforms) = postSolution
		{454A0630-9390-40AB-9B7D-8264CF6FA34B}.Debug|Any CPU.ActiveCfg = Debug|Any CPU
		{454A0630-9390-40AB-9B7D-8264CF6FA34B}.Debug|Any CPU.Build.0 = Debug|Any CPU
		{454A0630-9390-40AB-9B7D-8264CF6FA34B}.Release|Any CPU.ActiveCfg = Release|Any CPU
		{454A0630-9390-40AB-9B7D-8264CF6FA34B}.Release|Any CPU.Build.0 = Release|Any CPU
		{659AE6A1-214B-459B-9D20-6E68993461AA}.Debug|Any CPU.ActiveCfg = Debug|Any CPU
		{659AE6A1-214B-459B-9D20-6E68993461AA}.Debug|Any CPU.Build.0 = Debug|Any CPU
		{659AE6A1-214B-459B-9D20-6E68993461AA}.Release|Any CPU.ActiveCfg = Release|Any CPU
		{659AE6A1-214B-459B-9D20-6E68993461AA}.Release|Any CPU.Build.0 = Release|Any CPU
	EndGlobalSection
	GlobalSection(SolutionProperties) = preSolution
		HideSolutionNode = FALSE
	EndGlobalSection
	GlobalSection(ExtensibilityGlobals) = postSolution
		SolutionGuid = {970CE560-C0F0-453D-A9F1-7C50CA46E3A2}
	EndGlobalSection
EndGlobal
